{
  "name": "wave-circle-sound-game",
  "version": "1.0.0",
  "lockfileVersion": 3,
  "requires": true,
  "packages": {
    "": {
      "name": "wave-circle-sound-game",
      "version": "1.0.0",
      "dependencies": {
        "http-server": "^14.1.1"
      }
    },
    "node_modules/http-server": {
      "version": "14.1.1",
      "resolved": "https://registry.npmjs.org/http-server/-/http-server-14.1.1.tgz",
      "bin": {
        "http-server": "bin/http-server"
      }
    }
  }
}
